
Microsoft Visual Studio Solution File, Format Version 12.00
# Visual Studio Version 16
VisualStudioVersion = 16.0.30503.244
MinimumVisualStudioVersion = 10.0.40219.1
Project("{2150E333-8FDC-42A3-9474-1A3956D46DE8}") = "Before", "Before", "{36786E28-EE94-4010-9670-6DC3B21D3231}"
EndProject
Project("{2150E333-8FDC-42A3-9474-1A3956D46DE8}") = "After", "After", "{8CC8EF42-0876-4424-BFF5-A944EEC2D47A}"
EndProject
Project("{9A19103F-16F7-4668-BE54-9A1E7A4F7556}") = "Host", "Before\Host\Host.csproj", "{391DAB2C-7F00-4E82-BEA7-63C6F524E53E}"
EndProject
Project("{9A19103F-16F7-4668-BE54-9A1E7A4F7556}") = "Services", "Before\Services\Services.csproj", "{C165E027-C7CF-4D78-8AD4-7D6449AEA7BD}"
EndProject
Project("{9A19103F-16F7-4668-BE54-9A1E7A4F7556}") = "Infrastructure", "Before\Infrastructure\Infrastructure.csproj", "{94A85017-0B2C-4DB3-9CF7-B0B9FE782C9E}"
EndProject
Project("{9A19103F-16F7-4668-BE54-9A1E7A4F7556}") = "Domain", "Before\Domain\Domain.csproj", "{23404202-61FD-486C-8FC0-EC966B47AF36}"
EndProject
Project("{9A19103F-16F7-4668-BE54-9A1E7A4F7556}") = "Services.Interfaces", "Before\Services.Interfaces\Services.Interfaces.csproj", "{C804ED7C-DA2B-4B05-87E7-213FA13561D5}"
EndProject
Project("{9A19103F-16F7-4668-BE54-9A1E7A4F7556}") = "Infrastructure.Interfaces", "Before\Infrastructure.Interfaces\Infrastructure.Interfaces.csproj", "{40DFD4CA-7EFB-4A9F-86CB-E07C7AD7154C}"
EndProject
Project("{9A19103F-16F7-4668-BE54-9A1E7A4F7556}") = "DataAccess.MsSql", "Before\DataAccess.MsSql\DataAccess.MsSql.csproj", "{40EFFF37-D993-4F3A-9C41-3D4288BED5AF}"
EndProject
Project("{9A19103F-16F7-4668-BE54-9A1E7A4F7556}") = "Tests", "Before\Tests\Tests.csproj", "{A3C078A8-2EBD-4C93-B863-770D40F4BD74}"
EndProject
Project("{9A19103F-16F7-4668-BE54-9A1E7A4F7556}") = "Domain", "After\Domain\Domain.csproj", "{7237C886-8CC0-40C2-8C63-ED0AF711C022}"
EndProject
Project("{9A19103F-16F7-4668-BE54-9A1E7A4F7556}") = "Infrastructure.Interfaces", "After\Infrastructure.Interfaces\Infrastructure.Interfaces.csproj", "{CA9911D2-5A04-4377-A9E4-543131BCC6B3}"
EndProject
Project("{9A19103F-16F7-4668-BE54-9A1E7A4F7556}") = "Services.Interfaces", "After\Services.Interfaces\Services.Interfaces.csproj", "{73DD6FC7-4C5B-473E-8377-5EAFD3FD5F5C}"
EndProject
Project("{9A19103F-16F7-4668-BE54-9A1E7A4F7556}") = "DataAccess.MsSql", "After\DataAccess.MsSql\DataAccess.MsSql.csproj", "{16D39847-617C-4284-8C48-5B5AD39AE0FE}"
EndProject
Project("{9A19103F-16F7-4668-BE54-9A1E7A4F7556}") = "Infrastructure", "After\Infrastructure\Infrastructure.csproj", "{0E31DA49-A9A5-4544-9EBF-ADFC330F7162}"
EndProject
Project("{9A19103F-16F7-4668-BE54-9A1E7A4F7556}") = "Tests", "After\Tests\Tests.csproj", "{7D102331-B93A-4714-AD74-E977240CD287}"
EndProject
Project("{9A19103F-16F7-4668-BE54-9A1E7A4F7556}") = "Host", "After\Host\Host.csproj", "{5F66521A-168D-4E49-A177-4AC0A0547C05}"
EndProject
Project("{9A19103F-16F7-4668-BE54-9A1E7A4F7556}") = "Services", "After\Services\Services.csproj", "{B274AE09-8DC3-4755-8BA8-5D963C2F911A}"
EndProject
Global
	GlobalSection(SolutionConfigurationPlatforms) = preSolution
		Debug|Any CPU = Debug|Any CPU
		Release|Any CPU = Release|Any CPU
	EndGlobalSection
	GlobalSection(ProjectConfigurationPlatforms) = postSolution
		{391DAB2C-7F00-4E82-BEA7-63C6F524E53E}.Debug|Any CPU.ActiveCfg = Debug|Any CPU
		{391DAB2C-7F00-4E82-BEA7-63C6F524E53E}.Debug|Any CPU.Build.0 = Debug|Any CPU
		{391DAB2C-7F00-4E82-BEA7-63C6F524E53E}.Release|Any CPU.ActiveCfg = Release|Any CPU
		{391DAB2C-7F00-4E82-BEA7-63C6F524E53E}.Release|Any CPU.Build.0 = Release|Any CPU
		{C165E027-C7CF-4D78-8AD4-7D6449AEA7BD}.Debug|Any CPU.ActiveCfg = Debug|Any CPU
		{C165E027-C7CF-4D78-8AD4-7D6449AEA7BD}.Debug|Any CPU.Build.0 = Debug|Any CPU
		{C165E027-C7CF-4D78-8AD4-7D6449AEA7BD}.Release|Any CPU.ActiveCfg = Release|Any CPU
		{C165E027-C7CF-4D78-8AD4-7D6449AEA7BD}.Release|Any CPU.Build.0 = Release|Any CPU
		{94A85017-0B2C-4DB3-9CF7-B0B9FE782C9E}.Debug|Any CPU.ActiveCfg = Debug|Any CPU
		{94A85017-0B2C-4DB3-9CF7-B0B9FE782C9E}.Debug|Any CPU.Build.0 = Debug|Any CPU
		{94A85017-0B2C-4DB3-9CF7-B0B9FE782C9E}.Release|Any CPU.ActiveCfg = Release|Any CPU
		{94A85017-0B2C-4DB3-9CF7-B0B9FE782C9E}.Release|Any CPU.Build.0 = Release|Any CPU
		{23404202-61FD-486C-8FC0-EC966B47AF36}.Debug|Any CPU.ActiveCfg = Debug|Any CPU
		{23404202-61FD-486C-8FC0-EC966B47AF36}.Debug|Any CPU.Build.0 = Debug|Any CPU
		{23404202-61FD-486C-8FC0-EC966B47AF36}.Release|Any CPU.ActiveCfg = Release|Any CPU
		{23404202-61FD-486C-8FC0-EC966B47AF36}.Release|Any CPU.Build.0 = Release|Any CPU
		{C804ED7C-DA2B-4B05-87E7-213FA13561D5}.Debug|Any CPU.ActiveCfg = Debug|Any CPU
		{C804ED7C-DA2B-4B05-87E7-213FA13561D5}.Debug|Any CPU.Build.0 = Debug|Any CPU
		{C804ED7C-DA2B-4B05-87E7-213FA13561D5}.Release|Any CPU.ActiveCfg = Release|Any CPU
		{C804ED7C-DA2B-4B05-87E7-213FA13561D5}.Release|Any CPU.Build.0 = Release|Any CPU
		{40DFD4CA-7EFB-4A9F-86CB-E07C7AD7154C}.Debug|Any CPU.ActiveCfg = Debug|Any CPU
		{40DFD4CA-7EFB-4A9F-86CB-E07C7AD7154C}.Debug|Any CPU.Build.0 = Debug|Any CPU
		{40DFD4CA-7EFB-4A9F-86CB-E07C7AD7154C}.Release|Any CPU.ActiveCfg = Release|Any CPU
		{40DFD4CA-7EFB-4A9F-86CB-E07C7AD7154C}.Release|Any CPU.Build.0 = Release|Any CPU
		{40EFFF37-D993-4F3A-9C41-3D4288BED5AF}.Debug|Any CPU.ActiveCfg = Debug|Any CPU
		{40EFFF37-D993-4F3A-9C41-3D4288BED5AF}.Debug|Any CPU.Build.0 = Debug|Any CPU
		{40EFFF37-D993-4F3A-9C41-3D4288BED5AF}.Release|Any CPU.ActiveCfg = Release|Any CPU
		{40EFFF37-D993-4F3A-9C41-3D4288BED5AF}.Release|Any CPU.Build.0 = Release|Any CPU
		{A3C078A8-2EBD-4C93-B863-770D40F4BD74}.Debug|Any CPU.ActiveCfg = Debug|Any CPU
		{A3C078A8-2EBD-4C93-B863-770D40F4BD74}.Debug|Any CPU.Build.0 = Debug|Any CPU
		{A3C078A8-2EBD-4C93-B863-770D40F4BD74}.Release|Any CPU.ActiveCfg = Release|Any CPU
		{A3C078A8-2EBD-4C93-B863-770D40F4BD74}.Release|Any CPU.Build.0 = Release|Any CPU
		{7237C886-8CC0-40C2-8C63-ED0AF711C022}.Debug|Any CPU.ActiveCfg = Debug|Any CPU
		{7237C886-8CC0-40C2-8C63-ED0AF711C022}.Debug|Any CPU.Build.0 = Debug|Any CPU
		{7237C886-8CC0-40C2-8C63-ED0AF711C022}.Release|Any CPU.ActiveCfg = Release|Any CPU
		{7237C886-8CC0-40C2-8C63-ED0AF711C022}.Release|Any CPU.Build.0 = Release|Any CPU
		{CA9911D2-5A04-4377-A9E4-543131BCC6B3}.Debug|Any CPU.ActiveCfg = Debug|Any CPU
		{CA9911D2-5A04-4377-A9E4-543131BCC6B3}.Debug|Any CPU.Build.0 = Debug|Any CPU
		{CA9911D2-5A04-4377-A9E4-543131BCC6B3}.Release|Any CPU.ActiveCfg = Release|Any CPU
		{CA9911D2-5A04-4377-A9E4-543131BCC6B3}.Release|Any CPU.Build.0 = Release|Any CPU
		{73DD6FC7-4C5B-473E-8377-5EAFD3FD5F5C}.Debug|Any CPU.ActiveCfg = Debug|Any CPU
		{73DD6FC7-4C5B-473E-8377-5EAFD3FD5F5C}.Debug|Any CPU.Build.0 = Debug|Any CPU
		{73DD6FC7-4C5B-473E-8377-5EAFD3FD5F5C}.Release|Any CPU.ActiveCfg = Release|Any CPU
		{73DD6FC7-4C5B-473E-8377-5EAFD3FD5F5C}.Release|Any CPU.Build.0 = Release|Any CPU
		{16D39847-617C-4284-8C48-5B5AD39AE0FE}.Debug|Any CPU.ActiveCfg = Debug|Any CPU
		{16D39847-617C-4284-8C48-5B5AD39AE0FE}.Debug|Any CPU.Build.0 = Debug|Any CPU
		{16D39847-617C-4284-8C48-5B5AD39AE0FE}.Release|Any CPU.ActiveCfg = Release|Any CPU
		{16D39847-617C-4284-8C48-5B5AD39AE0FE}.Release|Any CPU.Build.0 = Release|Any CPU
		{0E31DA49-A9A5-4544-9EBF-ADFC330F7162}.Debug|Any CPU.ActiveCfg = Debug|Any CPU
		{0E31DA49-A9A5-4544-9EBF-ADFC330F7162}.Debug|Any CPU.Build.0 = Debug|Any CPU
		{0E31DA49-A9A5-4544-9EBF-ADFC330F7162}.Release|Any CPU.ActiveCfg = Release|Any CPU
		{0E31DA49-A9A5-4544-9EBF-ADFC330F7162}.Release|Any CPU.Build.0 = Release|Any CPU
		{7D102331-B93A-4714-AD74-E977240CD287}.Debug|Any CPU.ActiveCfg = Debug|Any CPU
		{7D102331-B93A-4714-AD74-E977240CD287}.Debug|Any CPU.Build.0 = Debug|Any CPU
		{7D102331-B93A-4714-AD74-E977240CD287}.Release|Any CPU.ActiveCfg = Release|Any CPU
		{7D102331-B93A-4714-AD74-E977240CD287}.Release|Any CPU.Build.0 = Release|Any CPU
		{5F66521A-168D-4E49-A177-4AC0A0547C05}.Debug|Any CPU.ActiveCfg = Debug|Any CPU
		{5F66521A-168D-4E49-A177-4AC0A0547C05}.Debug|Any CPU.Build.0 = Debug|Any CPU
		{5F66521A-168D-4E49-A177-4AC0A0547C05}.Release|Any CPU.ActiveCfg = Release|Any CPU
		{5F66521A-168D-4E49-A177-4AC0A0547C05}.Release|Any CPU.Build.0 = Release|Any CPU
		{B274AE09-8DC3-4755-8BA8-5D963C2F911A}.Debug|Any CPU.ActiveCfg = Debug|Any CPU
		{B274AE09-8DC3-4755-8BA8-5D963C2F911A}.Debug|Any CPU.Build.0 = Debug|Any CPU
		{B274AE09-8DC3-4755-8BA8-5D963C2F911A}.Release|Any CPU.ActiveCfg = Release|Any CPU
		{B274AE09-8DC3-4755-8BA8-5D963C2F911A}.Release|Any CPU.Build.0 = Release|Any CPU
	EndGlobalSection
	GlobalSection(SolutionProperties) = preSolution
		HideSolutionNode = FALSE
	EndGlobalSection
	GlobalSection(NestedProjects) = preSolution
		{391DAB2C-7F00-4E82-BEA7-63C6F524E53E} = {36786E28-EE94-4010-9670-6DC3B21D3231}
		{C165E027-C7CF-4D78-8AD4-7D6449AEA7BD} = {36786E28-EE94-4010-9670-6DC3B21D3231}
		{94A85017-0B2C-4DB3-9CF7-B0B9FE782C9E} = {36786E28-EE94-4010-9670-6DC3B21D3231}
		{23404202-61FD-486C-8FC0-EC966B47AF36} = {36786E28-EE94-4010-9670-6DC3B21D3231}
		{C804ED7C-DA2B-4B05-87E7-213FA13561D5} = {36786E28-EE94-4010-9670-6DC3B21D3231}
		{40DFD4CA-7EFB-4A9F-86CB-E07C7AD7154C} = {36786E28-EE94-4010-9670-6DC3B21D3231}
		{40EFFF37-D993-4F3A-9C41-3D4288BED5AF} = {36786E28-EE94-4010-9670-6DC3B21D3231}
		{A3C078A8-2EBD-4C93-B863-770D40F4BD74} = {36786E28-EE94-4010-9670-6DC3B21D3231}
		{7237C886-8CC0-40C2-8C63-ED0AF711C022} = {8CC8EF42-0876-4424-BFF5-A944EEC2D47A}
		{CA9911D2-5A04-4377-A9E4-543131BCC6B3} = {8CC8EF42-0876-4424-BFF5-A944EEC2D47A}
		{73DD6FC7-4C5B-473E-8377-5EAFD3FD5F5C} = {8CC8EF42-0876-4424-BFF5-A944EEC2D47A}
		{16D39847-617C-4284-8C48-5B5AD39AE0FE} = {8CC8EF42-0876-4424-BFF5-A944EEC2D47A}
		{0E31DA49-A9A5-4544-9EBF-ADFC330F7162} = {8CC8EF42-0876-4424-BFF5-A944EEC2D47A}
		{7D102331-B93A-4714-AD74-E977240CD287} = {8CC8EF42-0876-4424-BFF5-A944EEC2D47A}
		{5F66521A-168D-4E49-A177-4AC0A0547C05} = {8CC8EF42-0876-4424-BFF5-A944EEC2D47A}
		{B274AE09-8DC3-4755-8BA8-5D963C2F911A} = {8CC8EF42-0876-4424-BFF5-A944EEC2D47A}
	EndGlobalSection
	GlobalSection(ExtensibilityGlobals) = postSolution
		SolutionGuid = {02058108-FB3C-46DD-A2B6-779D637A8289}
	EndGlobalSection
EndGlobal
